
Microsoft Visual Studio Solution File, Format Version 12.00
# Visual Studio Version 16
VisualStudioVersion = 16.0.30717.126
MinimumVisualStudioVersion = 10.0.40219.1
Project("{9A19103F-16F7-4668-BE54-9A1E7A4F7556}") = "TutoringAppWebAPI", "TutoringAppWebAPI\TutoringAppWebAPI.csproj", "{4D2D95CB-BF10-4ABD-BB4E-2F4B9A75A25B}"
EndProject
Project("{FAE04EC0-301F-11D3-BF4B-00C04F79EFBC}") = "TutoringApp.iOS", "TutoringApp\TutoringApp.iOS\TutoringApp.iOS.csproj", "{C4755835-E262-499A-9BA5-6BE871625F19}"
EndProject
Project("{FAE04EC0-301F-11D3-BF4B-00C04F79EFBC}") = "TutoringApp.Android", "TutoringApp\TutoringApp.Android\TutoringApp.Android.csproj", "{215E72E6-C0C9-4D49-978D-366572815EDC}"
EndProject
Project("{9A19103F-16F7-4668-BE54-9A1E7A4F7556}") = "TutoringApp", "TutoringApp\TutoringApp\TutoringApp.csproj", "{63085873-693B-4F48-9632-5912DCF081AE}"
EndProject
Global
	GlobalSection(SolutionConfigurationPlatforms) = preSolution
		Debug|Any CPU = Debug|Any CPU
		Debug|iPhone = Debug|iPhone
		Debug|iPhoneSimulator = Debug|iPhoneSimulator
		Release|Any CPU = Release|Any CPU
		Release|iPhone = Release|iPhone
		Release|iPhoneSimulator = Release|iPhoneSimulator
	EndGlobalSection
	GlobalSection(ProjectConfigurationPlatforms) = postSolution
		{4D2D95CB-BF10-4ABD-BB4E-2F4B9A75A25B}.Debug|Any CPU.ActiveCfg = Debug|Any CPU
		{4D2D95CB-BF10-4ABD-BB4E-2F4B9A75A25B}.Debug|Any CPU.Build.0 = Debug|Any CPU
		{4D2D95CB-BF10-4ABD-BB4E-2F4B9A75A25B}.Debug|iPhone.ActiveCfg = Debug|Any CPU
		{4D2D95CB-BF10-4ABD-BB4E-2F4B9A75A25B}.Debug|iPhone.Build.0 = Debug|Any CPU
		{4D2D95CB-BF10-4ABD-BB4E-2F4B9A75A25B}.Debug|iPhoneSimulator.ActiveCfg = Debug|Any CPU
		{4D2D95CB-BF10-4ABD-BB4E-2F4B9A75A25B}.Debug|iPhoneSimulator.Build.0 = Debug|Any CPU
		{4D2D95CB-BF10-4ABD-BB4E-2F4B9A75A25B}.Release|Any CPU.ActiveCfg = Release|Any CPU
		{4D2D95CB-BF10-4ABD-BB4E-2F4B9A75A25B}.Release|Any CPU.Build.0 = Release|Any CPU
		{4D2D95CB-BF10-4ABD-BB4E-2F4B9A75A25B}.Release|iPhone.ActiveCfg = Release|Any CPU
		{4D2D95CB-BF10-4ABD-BB4E-2F4B9A75A25B}.Release|iPhone.Build.0 = Release|Any CPU
		{4D2D95CB-BF10-4ABD-BB4E-2F4B9A75A25B}.Release|iPhoneSimulator.ActiveCfg = Release|Any CPU
		{4D2D95CB-BF10-4ABD-BB4E-2F4B9A75A25B}.Release|iPhoneSimulator.Build.0 = Release|Any CPU
		{C4755835-E262-499A-9BA5-6BE871625F19}.Debug|Any CPU.ActiveCfg = Debug|iPhoneSimulator
		{C4755835-E262-499A-9BA5-6BE871625F19}.Debug|iPhone.ActiveCfg = Debug|iPhone
		{C4755835-E262-499A-9BA5-6BE871625F19}.Debug|iPhone.Build.0 = Debug|iPhone
		{C4755835-E262-499A-9BA5-6BE871625F19}.Debug|iPhoneSimulator.ActiveCfg = Debug|iPhoneSimulator
		{C4755835-E262-499A-9BA5-6BE871625F19}.Debug|iPhoneSimulator.Build.0 = Debug|iPhoneSimulator
		{C4755835-E262-499A-9BA5-6BE871625F19}.Release|Any CPU.ActiveCfg = Release|iPhoneSimulator
		{C4755835-E262-499A-9BA5-6BE871625F19}.Release|iPhone.ActiveCfg = Release|iPhone
		{C4755835-E262-499A-9BA5-6BE871625F19}.Release|iPhone.Build.0 = Release|iPhone
		{C4755835-E262-499A-9BA5-6BE871625F19}.Release|iPhoneSimulator.ActiveCfg = Release|iPhoneSimulator
		{C4755835-E262-499A-9BA5-6BE871625F19}.Release|iPhoneSimulator.Build.0 = Release|iPhoneSimulator
		{215E72E6-C0C9-4D49-978D-366572815EDC}.Debug|Any CPU.ActiveCfg = Debug|Any CPU
		{215E72E6-C0C9-4D49-978D-366572815EDC}.Debug|Any CPU.Build.0 = Debug|Any CPU
		{215E72E6-C0C9-4D49-978D-366572815EDC}.Debug|Any CPU.Deploy.0 = Debug|Any CPU
		{215E72E6-C0C9-4D49-978D-366572815EDC}.Debug|iPhone.ActiveCfg = Debug|Any CPU
		{215E72E6-C0C9-4D49-978D-366572815EDC}.Debug|iPhone.Build.0 = Debug|Any CPU
		{215E72E6-C0C9-4D49-978D-366572815EDC}.Debug|iPhone.Deploy.0 = Debug|Any CPU
		{215E72E6-C0C9-4D49-978D-366572815EDC}.Debug|iPhoneSimulator.ActiveCfg = Debug|Any CPU
		{215E72E6-C0C9-4D49-978D-366572815EDC}.Debug|iPhoneSimulator.Build.0 = Debug|Any CPU
		{215E72E6-C0C9-4D49-978D-366572815EDC}.Debug|iPhoneSimulator.Deploy.0 = Debug|Any CPU
		{215E72E6-C0C9-4D49-978D-366572815EDC}.Release|Any CPU.ActiveCfg = Release|Any CPU
		{215E72E6-C0C9-4D49-978D-366572815EDC}.Release|Any CPU.Build.0 = Release|Any CPU
		{215E72E6-C0C9-4D49-978D-366572815EDC}.Release|Any CPU.Deploy.0 = Release|Any CPU
		{215E72E6-C0C9-4D49-978D-366572815EDC}.Release|iPhone.ActiveCfg = Release|Any CPU
		{215E72E6-C0C9-4D49-978D-366572815EDC}.Release|iPhone.Build.0 = Release|Any CPU
		{215E72E6-C0C9-4D49-978D-366572815EDC}.Release|iPhone.Deploy.0 = Release|Any CPU
		{215E72E6-C0C9-4D49-978D-366572815EDC}.Release|iPhoneSimulator.ActiveCfg = Release|Any CPU
		{215E72E6-C0C9-4D49-978D-366572815EDC}.Release|iPhoneSimulator.Build.0 = Release|Any CPU
		{215E72E6-C0C9-4D49-978D-366572815EDC}.Release|iPhoneSimulator.Deploy.0 = Release|Any CPU
		{63085873-693B-4F48-9632-5912DCF081AE}.Debug|Any CPU.ActiveCfg = Debug|Any CPU
		{63085873-693B-4F48-9632-5912DCF081AE}.Debug|Any CPU.Build.0 = Debug|Any CPU
		{63085873-693B-4F48-9632-5912DCF081AE}.Debug|iPhone.ActiveCfg = Debug|Any CPU
		{63085873-693B-4F48-9632-5912DCF081AE}.Debug|iPhone.Build.0 = Debug|Any CPU
		{63085873-693B-4F48-9632-5912DCF081AE}.Debug|iPhoneSimulator.ActiveCfg = Debug|Any CPU
		{63085873-693B-4F48-9632-5912DCF081AE}.Debug|iPhoneSimulator.Build.0 = Debug|Any CPU
		{63085873-693B-4F48-9632-5912DCF081AE}.Release|Any CPU.ActiveCfg = Release|Any CPU
		{63085873-693B-4F48-9632-5912DCF081AE}.Release|Any CPU.Build.0 = Release|Any CPU
		{63085873-693B-4F48-9632-5912DCF081AE}.Release|iPhone.ActiveCfg = Release|Any CPU
		{63085873-693B-4F48-9632-5912DCF081AE}.Release|iPhone.Build.0 = Release|Any CPU
		{63085873-693B-4F48-9632-5912DCF081AE}.Release|iPhoneSimulator.ActiveCfg = Release|Any CPU
		{63085873-693B-4F48-9632-5912DCF081AE}.Release|iPhoneSimulator.Build.0 = Release|Any CPU
	EndGlobalSection
	GlobalSection(SolutionProperties) = preSolution
		HideSolutionNode = FALSE
	EndGlobalSection
	GlobalSection(ExtensibilityGlobals) = postSolution
		SolutionGuid = {C80B8C5A-C296-4FAA-8FE4-CD3BC768EE0B}
	EndGlobalSection
EndGlobal
